
Microsoft Visual Studio Solution File, Format Version 12.00
# Visual Studio 14
VisualStudioVersion = 14.0.25420.1
MinimumVisualStudioVersion = 10.0.40219.1
Project("{D954291E-2A0B-460D-934E-DC6B0785DB48}") = "HvA_VLO_APP", "HvA-VLO-APP\HvA_VLO_APP\HvA_VLO_APP.shproj", "{13737E79-0071-43F3-BCC1-F0EEC0939346}"
EndProject
Project("{FAE04EC0-301F-11D3-BF4B-00C04F79EFBC}") = "HvA_VLO_APP.Droid", "HvA-VLO-APP\HvA_VLO_APP.Droid\HvA_VLO_APP.Droid.csproj", "{D36B3C1B-0812-41E3-9118-1DB4F4DD273E}"
EndProject
Project("{FAE04EC0-301F-11D3-BF4B-00C04F79EFBC}") = "HvA_VLO_APP.iOS", "HvA-VLO-APP\HvA_VLO_APP.iOS\HvA_VLO_APP.iOS.csproj", "{42226B45-37F3-4AB1-9F1F-D3A38E32B1D0}"
EndProject
Project("{FAE04EC0-301F-11D3-BF4B-00C04F79EFBC}") = "HvA_VLO_APP.WinPhone", "HvA-VLO-APP\HvA_VLO_APP.WinPhone\HvA_VLO_APP.WinPhone.csproj", "{9BFF939B-56EA-4209-9754-1663C959C1CF}"
EndProject
Project("{FAE04EC0-301F-11D3-BF4B-00C04F79EFBC}") = "HvA_VLO_APP.Windows", "HvA-VLO-APP\HvA_VLO_APP.Windows\HvA_VLO_APP.Windows.csproj", "{A8980B66-33A2-43BF-B7B1-C67B830E26BE}"
EndProject
Global
	GlobalSection(SharedMSBuildProjectFiles) = preSolution
		HvA-VLO-APP\HvA_VLO_APP\HvA_VLO_APP.projitems*{13737e79-0071-43f3-bcc1-f0eec0939346}*SharedItemsImports = 13
		HvA-VLO-APP\HvA_VLO_APP\HvA_VLO_APP.projitems*{42226b45-37f3-4ab1-9f1f-d3a38e32b1d0}*SharedItemsImports = 4
		HvA-VLO-APP\HvA_VLO_APP\HvA_VLO_APP.projitems*{d36b3c1b-0812-41e3-9118-1db4f4dd273e}*SharedItemsImports = 4
	EndGlobalSection
	GlobalSection(SolutionConfigurationPlatforms) = preSolution
		Ad-Hoc|Any CPU = Ad-Hoc|Any CPU
		Ad-Hoc|ARM = Ad-Hoc|ARM
		Ad-Hoc|iPhone = Ad-Hoc|iPhone
		Ad-Hoc|iPhoneSimulator = Ad-Hoc|iPhoneSimulator
		Ad-Hoc|x64 = Ad-Hoc|x64
		Ad-Hoc|x86 = Ad-Hoc|x86
		AppStore|Any CPU = AppStore|Any CPU
		AppStore|ARM = AppStore|ARM
		AppStore|iPhone = AppStore|iPhone
		AppStore|iPhoneSimulator = AppStore|iPhoneSimulator
		AppStore|x64 = AppStore|x64
		AppStore|x86 = AppStore|x86
		Debug|Any CPU = Debug|Any CPU
		Debug|ARM = Debug|ARM
		Debug|iPhone = Debug|iPhone
		Debug|iPhoneSimulator = Debug|iPhoneSimulator
		Debug|x64 = Debug|x64
		Debug|x86 = Debug|x86
		Release|Any CPU = Release|Any CPU
		Release|ARM = Release|ARM
		Release|iPhone = Release|iPhone
		Release|iPhoneSimulator = Release|iPhoneSimulator
		Release|x64 = Release|x64
		Release|x86 = Release|x86
	EndGlobalSection
	GlobalSection(ProjectConfigurationPlatforms) = postSolution
		{D36B3C1B-0812-41E3-9118-1DB4F4DD273E}.Ad-Hoc|Any CPU.ActiveCfg = Release|Any CPU
		{D36B3C1B-0812-41E3-9118-1DB4F4DD273E}.Ad-Hoc|Any CPU.Build.0 = Release|Any CPU
		{D36B3C1B-0812-41E3-9118-1DB4F4DD273E}.Ad-Hoc|Any CPU.Deploy.0 = Release|Any CPU
		{D36B3C1B-0812-41E3-9118-1DB4F4DD273E}.Ad-Hoc|ARM.ActiveCfg = Release|Any CPU
		{D36B3C1B-0812-41E3-9118-1DB4F4DD273E}.Ad-Hoc|ARM.Build.0 = Release|Any CPU
		{D36B3C1B-0812-41E3-9118-1DB4F4DD273E}.Ad-Hoc|ARM.Deploy.0 = Release|Any CPU
		{D36B3C1B-0812-41E3-9118-1DB4F4DD273E}.Ad-Hoc|iPhone.ActiveCfg = Release|Any CPU
		{D36B3C1B-0812-41E3-9118-1DB4F4DD273E}.Ad-Hoc|iPhone.Build.0 = Release|Any CPU
		{D36B3C1B-0812-41E3-9118-1DB4F4DD273E}.Ad-Hoc|iPhone.Deploy.0 = Release|Any CPU
		{D36B3C1B-0812-41E3-9118-1DB4F4DD273E}.Ad-Hoc|iPhoneSimulator.ActiveCfg = Release|Any CPU
		{D36B3C1B-0812-41E3-9118-1DB4F4DD273E}.Ad-Hoc|iPhoneSimulator.Build.0 = Release|Any CPU
		{D36B3C1B-0812-41E3-9118-1DB4F4DD273E}.Ad-Hoc|iPhoneSimulator.Deploy.0 = Release|Any CPU
		{D36B3C1B-0812-41E3-9118-1DB4F4DD273E}.Ad-Hoc|x64.ActiveCfg = Release|Any CPU
		{D36B3C1B-0812-41E3-9118-1DB4F4DD273E}.Ad-Hoc|x64.Build.0 = Release|Any CPU
		{D36B3C1B-0812-41E3-9118-1DB4F4DD273E}.Ad-Hoc|x64.Deploy.0 = Release|Any CPU
		{D36B3C1B-0812-41E3-9118-1DB4F4DD273E}.Ad-Hoc|x86.ActiveCfg = Release|Any CPU
		{D36B3C1B-0812-41E3-9118-1DB4F4DD273E}.Ad-Hoc|x86.Build.0 = Release|Any CPU
		{D36B3C1B-0812-41E3-9118-1DB4F4DD273E}.Ad-Hoc|x86.Deploy.0 = Release|Any CPU
		{D36B3C1B-0812-41E3-9118-1DB4F4DD273E}.AppStore|Any CPU.ActiveCfg = Release|Any CPU
		{D36B3C1B-0812-41E3-9118-1DB4F4DD273E}.AppStore|Any CPU.Build.0 = Release|Any CPU
		{D36B3C1B-0812-41E3-9118-1DB4F4DD273E}.AppStore|Any CPU.Deploy.0 = Release|Any CPU
		{D36B3C1B-0812-41E3-9118-1DB4F4DD273E}.AppStore|ARM.ActiveCfg = Release|Any CPU
		{D36B3C1B-0812-41E3-9118-1DB4F4DD273E}.AppStore|ARM.Build.0 = Release|Any CPU
		{D36B3C1B-0812-41E3-9118-1DB4F4DD273E}.AppStore|ARM.Deploy.0 = Release|Any CPU
		{D36B3C1B-0812-41E3-9118-1DB4F4DD273E}.AppStore|iPhone.ActiveCfg = Release|Any CPU
		{D36B3C1B-0812-41E3-9118-1DB4F4DD273E}.AppStore|iPhone.Build.0 = Release|Any CPU
		{D36B3C1B-0812-41E3-9118-1DB4F4DD273E}.AppStore|iPhone.Deploy.0 = Release|Any CPU
		{D36B3C1B-0812-41E3-9118-1DB4F4DD273E}.AppStore|iPhoneSimulator.ActiveCfg = Release|Any CPU
		{D36B3C1B-0812-41E3-9118-1DB4F4DD273E}.AppStore|iPhoneSimulator.Build.0 = Release|Any CPU
		{D36B3C1B-0812-41E3-9118-1DB4F4DD273E}.AppStore|iPhoneSimulator.Deploy.0 = Release|Any CPU
		{D36B3C1B-0812-41E3-9118-1DB4F4DD273E}.AppStore|x64.ActiveCfg = Release|Any CPU
		{D36B3C1B-0812-41E3-9118-1DB4F4DD273E}.AppStore|x64.Build.0 = Release|Any CPU
		{D36B3C1B-0812-41E3-9118-1DB4F4DD273E}.AppStore|x64.Deploy.0 = Release|Any CPU
		{D36B3C1B-0812-41E3-9118-1DB4F4DD273E}.AppStore|x86.ActiveCfg = Release|Any CPU
		{D36B3C1B-0812-41E3-9118-1DB4F4DD273E}.AppStore|x86.Build.0 = Release|Any CPU
		{D36B3C1B-0812-41E3-9118-1DB4F4DD273E}.AppStore|x86.Deploy.0 = Release|Any CPU
		{D36B3C1B-0812-41E3-9118-1DB4F4DD273E}.Debug|Any CPU.ActiveCfg = Debug|Any CPU
		{D36B3C1B-0812-41E3-9118-1DB4F4DD273E}.Debug|Any CPU.Build.0 = Debug|Any CPU
		{D36B3C1B-0812-41E3-9118-1DB4F4DD273E}.Debug|Any CPU.Deploy.0 = Debug|Any CPU
		{D36B3C1B-0812-41E3-9118-1DB4F4DD273E}.Debug|ARM.ActiveCfg = Debug|Any CPU
		{D36B3C1B-0812-41E3-9118-1DB4F4DD273E}.Debug|ARM.Build.0 = Debug|Any CPU
		{D36B3C1B-0812-41E3-9118-1DB4F4DD273E}.Debug|ARM.Deploy.0 = Debug|Any CPU
		{D36B3C1B-0812-41E3-9118-1DB4F4DD273E}.Debug|iPhone.ActiveCfg = Debug|Any CPU
		{D36B3C1B-0812-41E3-9118-1DB4F4DD273E}.Debug|iPhone.Build.0 = Debug|Any CPU
		{D36B3C1B-0812-41E3-9118-1DB4F4DD273E}.Debug|iPhone.Deploy.0 = Debug|Any CPU
		{D36B3C1B-0812-41E3-9118-1DB4F4DD273E}.Debug|iPhoneSimulator.ActiveCfg = Debug|Any CPU
		{D36B3C1B-0812-41E3-9118-1DB4F4DD273E}.Debug|iPhoneSimulator.Build.0 = Debug|Any CPU
		{D36B3C1B-0812-41E3-9118-1DB4F4DD273E}.Debug|iPhoneSimulator.Deploy.0 = Debug|Any CPU
		{D36B3C1B-0812-41E3-9118-1DB4F4DD273E}.Debug|x64.ActiveCfg = Debug|Any CPU
		{D36B3C1B-0812-41E3-9118-1DB4F4DD273E}.Debug|x64.Build.0 = Debug|Any CPU
		{D36B3C1B-0812-41E3-9118-1DB4F4DD273E}.Debug|x64.Deploy.0 = Debug|Any CPU
		{D36B3C1B-0812-41E3-9118-1DB4F4DD273E}.Debug|x86.ActiveCfg = Debug|Any CPU
		{D36B3C1B-0812-41E3-9118-1DB4F4DD273E}.Debug|x86.Build.0 = Debug|Any CPU
		{D36B3C1B-0812-41E3-9118-1DB4F4DD273E}.Debug|x86.Deploy.0 = Debug|Any CPU
		{D36B3C1B-0812-41E3-9118-1DB4F4DD273E}.Release|Any CPU.ActiveCfg = Release|Any CPU
		{D36B3C1B-0812-41E3-9118-1DB4F4DD273E}.Release|Any CPU.Build.0 = Release|Any CPU
		{D36B3C1B-0812-41E3-9118-1DB4F4DD273E}.Release|Any CPU.Deploy.0 = Release|Any CPU
		{D36B3C1B-0812-41E3-9118-1DB4F4DD273E}.Release|ARM.ActiveCfg = Release|Any CPU
		{D36B3C1B-0812-41E3-9118-1DB4F4DD273E}.Release|ARM.Build.0 = Release|Any CPU
		{D36B3C1B-0812-41E3-9118-1DB4F4DD273E}.Release|ARM.Deploy.0 = Release|Any CPU
		{D36B3C1B-0812-41E3-9118-1DB4F4DD273E}.Release|iPhone.ActiveCfg = Release|Any CPU
		{D36B3C1B-0812-41E3-9118-1DB4F4DD273E}.Release|iPhone.Build.0 = Release|Any CPU
		{D36B3C1B-0812-41E3-9118-1DB4F4DD273E}.Release|iPhone.Deploy.0 = Release|Any CPU
		{D36B3C1B-0812-41E3-9118-1DB4F4DD273E}.Release|iPhoneSimulator.ActiveCfg = Release|Any CPU
		{D36B3C1B-0812-41E3-9118-1DB4F4DD273E}.Release|iPhoneSimulator.Build.0 = Release|Any CPU
		{D36B3C1B-0812-41E3-9118-1DB4F4DD273E}.Release|iPhoneSimulator.Deploy.0 = Release|Any CPU
		{D36B3C1B-0812-41E3-9118-1DB4F4DD273E}.Release|x64.ActiveCfg = Release|Any CPU
		{D36B3C1B-0812-41E3-9118-1DB4F4DD273E}.Release|x64.Build.0 = Release|Any CPU
		{D36B3C1B-0812-41E3-9118-1DB4F4DD273E}.Release|x64.Deploy.0 = Release|Any CPU
		{D36B3C1B-0812-41E3-9118-1DB4F4DD273E}.Release|x86.ActiveCfg = Release|Any CPU
		{D36B3C1B-0812-41E3-9118-1DB4F4DD273E}.Release|x86.Build.0 = Release|Any CPU
		{D36B3C1B-0812-41E3-9118-1DB4F4DD273E}.Release|x86.Deploy.0 = Release|Any CPU
		{42226B45-37F3-4AB1-9F1F-D3A38E32B1D0}.Ad-Hoc|Any CPU.ActiveCfg = Ad-Hoc|iPhone
		{42226B45-37F3-4AB1-9F1F-D3A38E32B1D0}.Ad-Hoc|ARM.ActiveCfg = Ad-Hoc|iPhone
		{42226B45-37F3-4AB1-9F1F-D3A38E32B1D0}.Ad-Hoc|iPhone.ActiveCfg = Ad-Hoc|iPhone
		{42226B45-37F3-4AB1-9F1F-D3A38E32B1D0}.Ad-Hoc|iPhone.Build.0 = Ad-Hoc|iPhone
		{42226B45-37F3-4AB1-9F1F-D3A38E32B1D0}.Ad-Hoc|iPhoneSimulator.ActiveCfg = Ad-Hoc|iPhoneSimulator
		{42226B45-37F3-4AB1-9F1F-D3A38E32B1D0}.Ad-Hoc|iPhoneSimulator.Build.0 = Ad-Hoc|iPhoneSimulator
		{42226B45-37F3-4AB1-9F1F-D3A38E32B1D0}.Ad-Hoc|x64.ActiveCfg = Ad-Hoc|iPhone
		{42226B45-37F3-4AB1-9F1F-D3A38E32B1D0}.Ad-Hoc|x86.ActiveCfg = Ad-Hoc|iPhone
		{42226B45-37F3-4AB1-9F1F-D3A38E32B1D0}.AppStore|Any CPU.ActiveCfg = AppStore|iPhone
		{42226B45-37F3-4AB1-9F1F-D3A38E32B1D0}.AppStore|ARM.ActiveCfg = AppStore|iPhone
		{42226B45-37F3-4AB1-9F1F-D3A38E32B1D0}.AppStore|iPhone.ActiveCfg = AppStore|iPhone
		{42226B45-37F3-4AB1-9F1F-D3A38E32B1D0}.AppStore|iPhone.Build.0 = AppStore|iPhone
		{42226B45-37F3-4AB1-9F1F-D3A38E32B1D0}.AppStore|iPhoneSimulator.ActiveCfg = AppStore|iPhoneSimulator
		{42226B45-37F3-4AB1-9F1F-D3A38E32B1D0}.AppStore|iPhoneSimulator.Build.0 = AppStore|iPhoneSimulator
		{42226B45-37F3-4AB1-9F1F-D3A38E32B1D0}.AppStore|x64.ActiveCfg = AppStore|iPhone
		{42226B45-37F3-4AB1-9F1F-D3A38E32B1D0}.AppStore|x86.ActiveCfg = AppStore|iPhone
		{42226B45-37F3-4AB1-9F1F-D3A38E32B1D0}.Debug|Any CPU.ActiveCfg = Debug|iPhone
		{42226B45-37F3-4AB1-9F1F-D3A38E32B1D0}.Debug|ARM.ActiveCfg = Debug|iPhone
		{42226B45-37F3-4AB1-9F1F-D3A38E32B1D0}.Debug|iPhone.ActiveCfg = Debug|iPhone
		{42226B45-37F3-4AB1-9F1F-D3A38E32B1D0}.Debug|iPhone.Build.0 = Debug|iPhone
		{42226B45-37F3-4AB1-9F1F-D3A38E32B1D0}.Debug|iPhoneSimulator.ActiveCfg = Debug|iPhoneSimulator
		{42226B45-37F3-4AB1-9F1F-D3A38E32B1D0}.Debug|iPhoneSimulator.Build.0 = Debug|iPhoneSimulator
		{42226B45-37F3-4AB1-9F1F-D3A38E32B1D0}.Debug|x64.ActiveCfg = Debug|iPhone
		{42226B45-37F3-4AB1-9F1F-D3A38E32B1D0}.Debug|x86.ActiveCfg = Debug|iPhone
		{42226B45-37F3-4AB1-9F1F-D3A38E32B1D0}.Release|Any CPU.ActiveCfg = Release|iPhone
		{42226B45-37F3-4AB1-9F1F-D3A38E32B1D0}.Release|ARM.ActiveCfg = Release|iPhone
		{42226B45-37F3-4AB1-9F1F-D3A38E32B1D0}.Release|iPhone.ActiveCfg = Release|iPhone
		{42226B45-37F3-4AB1-9F1F-D3A38E32B1D0}.Release|iPhone.Build.0 = Release|iPhone
		{42226B45-37F3-4AB1-9F1F-D3A38E32B1D0}.Release|iPhoneSimulator.ActiveCfg = Release|iPhoneSimulator
		{42226B45-37F3-4AB1-9F1F-D3A38E32B1D0}.Release|iPhoneSimulator.Build.0 = Release|iPhoneSimulator
		{42226B45-37F3-4AB1-9F1F-D3A38E32B1D0}.Release|x64.ActiveCfg = Release|iPhone
		{42226B45-37F3-4AB1-9F1F-D3A38E32B1D0}.Release|x86.ActiveCfg = Release|iPhone
		{9BFF939B-56EA-4209-9754-1663C959C1CF}.Ad-Hoc|Any CPU.ActiveCfg = Release|Any CPU
		{9BFF939B-56EA-4209-9754-1663C959C1CF}.Ad-Hoc|Any CPU.Build.0 = Release|Any CPU
		{9BFF939B-56EA-4209-9754-1663C959C1CF}.Ad-Hoc|Any CPU.Deploy.0 = Release|Any CPU
		{9BFF939B-56EA-4209-9754-1663C959C1CF}.Ad-Hoc|ARM.ActiveCfg = Release|ARM
		{9BFF939B-56EA-4209-9754-1663C959C1CF}.Ad-Hoc|ARM.Build.0 = Release|ARM
		{9BFF939B-56EA-4209-9754-1663C959C1CF}.Ad-Hoc|ARM.Deploy.0 = Release|ARM
		{9BFF939B-56EA-4209-9754-1663C959C1CF}.Ad-Hoc|iPhone.ActiveCfg = Release|Any CPU
		{9BFF939B-56EA-4209-9754-1663C959C1CF}.Ad-Hoc|iPhone.Build.0 = Release|Any CPU
		{9BFF939B-56EA-4209-9754-1663C959C1CF}.Ad-Hoc|iPhone.Deploy.0 = Release|Any CPU
		{9BFF939B-56EA-4209-9754-1663C959C1CF}.Ad-Hoc|iPhoneSimulator.ActiveCfg = Release|Any CPU
		{9BFF939B-56EA-4209-9754-1663C959C1CF}.Ad-Hoc|iPhoneSimulator.Build.0 = Release|Any CPU
		{9BFF939B-56EA-4209-9754-1663C959C1CF}.Ad-Hoc|iPhoneSimulator.Deploy.0 = Release|Any CPU
		{9BFF939B-56EA-4209-9754-1663C959C1CF}.Ad-Hoc|x64.ActiveCfg = Release|Any CPU
		{9BFF939B-56EA-4209-9754-1663C959C1CF}.Ad-Hoc|x64.Build.0 = Release|Any CPU
		{9BFF939B-56EA-4209-9754-1663C959C1CF}.Ad-Hoc|x64.Deploy.0 = Release|Any CPU
		{9BFF939B-56EA-4209-9754-1663C959C1CF}.Ad-Hoc|x86.ActiveCfg = Release|x86
		{9BFF939B-56EA-4209-9754-1663C959C1CF}.Ad-Hoc|x86.Build.0 = Release|x86
		{9BFF939B-56EA-4209-9754-1663C959C1CF}.Ad-Hoc|x86.Deploy.0 = Release|x86
		{9BFF939B-56EA-4209-9754-1663C959C1CF}.AppStore|Any CPU.ActiveCfg = Release|Any CPU
		{9BFF939B-56EA-4209-9754-1663C959C1CF}.AppStore|Any CPU.Build.0 = Release|Any CPU
		{9BFF939B-56EA-4209-9754-1663C959C1CF}.AppStore|Any CPU.Deploy.0 = Release|Any CPU
		{9BFF939B-56EA-4209-9754-1663C959C1CF}.AppStore|ARM.ActiveCfg = Release|ARM
		{9BFF939B-56EA-4209-9754-1663C959C1CF}.AppStore|ARM.Build.0 = Release|ARM
		{9BFF939B-56EA-4209-9754-1663C959C1CF}.AppStore|ARM.Deploy.0 = Release|ARM
		{9BFF939B-56EA-4209-9754-1663C959C1CF}.AppStore|iPhone.ActiveCfg = Release|Any CPU
		{9BFF939B-56EA-4209-9754-1663C959C1CF}.AppStore|iPhone.Build.0 = Release|Any CPU
		{9BFF939B-56EA-4209-9754-1663C959C1CF}.AppStore|iPhone.Deploy.0 = Release|Any CPU
		{9BFF939B-56EA-4209-9754-1663C959C1CF}.AppStore|iPhoneSimulator.ActiveCfg = Release|Any CPU
		{9BFF939B-56EA-4209-9754-1663C959C1CF}.AppStore|iPhoneSimulator.Build.0 = Release|Any CPU
		{9BFF939B-56EA-4209-9754-1663C959C1CF}.AppStore|iPhoneSimulator.Deploy.0 = Release|Any CPU
		{9BFF939B-56EA-4209-9754-1663C959C1CF}.AppStore|x64.ActiveCfg = Release|Any CPU
		{9BFF939B-56EA-4209-9754-1663C959C1CF}.AppStore|x64.Build.0 = Release|Any CPU
		{9BFF939B-56EA-4209-9754-1663C959C1CF}.AppStore|x64.Deploy.0 = Release|Any CPU
		{9BFF939B-56EA-4209-9754-1663C959C1CF}.AppStore|x86.ActiveCfg = Release|x86
		{9BFF939B-56EA-4209-9754-1663C959C1CF}.AppStore|x86.Build.0 = Release|x86
		{9BFF939B-56EA-4209-9754-1663C959C1CF}.AppStore|x86.Deploy.0 = Release|x86
		{9BFF939B-56EA-4209-9754-1663C959C1CF}.Debug|Any CPU.ActiveCfg = Debug|Any CPU
		{9BFF939B-56EA-4209-9754-1663C959C1CF}.Debug|Any CPU.Build.0 = Debug|Any CPU
		{9BFF939B-56EA-4209-9754-1663C959C1CF}.Debug|Any CPU.Deploy.0 = Debug|Any CPU
		{9BFF939B-56EA-4209-9754-1663C959C1CF}.Debug|ARM.ActiveCfg = Debug|ARM
		{9BFF939B-56EA-4209-9754-1663C959C1CF}.Debug|ARM.Build.0 = Debug|ARM
		{9BFF939B-56EA-4209-9754-1663C959C1CF}.Debug|ARM.Deploy.0 = Debug|ARM
		{9BFF939B-56EA-4209-9754-1663C959C1CF}.Debug|iPhone.ActiveCfg = Debug|Any CPU
		{9BFF939B-56EA-4209-9754-1663C959C1CF}.Debug|iPhone.Build.0 = Debug|Any CPU
		{9BFF939B-56EA-4209-9754-1663C959C1CF}.Debug|iPhone.Deploy.0 = Debug|Any CPU
		{9BFF939B-56EA-4209-9754-1663C959C1CF}.Debug|iPhoneSimulator.ActiveCfg = Debug|Any CPU
		{9BFF939B-56EA-4209-9754-1663C959C1CF}.Debug|iPhoneSimulator.Build.0 = Debug|Any CPU
		{9BFF939B-56EA-4209-9754-1663C959C1CF}.Debug|iPhoneSimulator.Deploy.0 = Debug|Any CPU
		{9BFF939B-56EA-4209-9754-1663C959C1CF}.Debug|x64.ActiveCfg = Debug|Any CPU
		{9BFF939B-56EA-4209-9754-1663C959C1CF}.Debug|x64.Build.0 = Debug|Any CPU
		{9BFF939B-56EA-4209-9754-1663C959C1CF}.Debug|x64.Deploy.0 = Debug|Any CPU
		{9BFF939B-56EA-4209-9754-1663C959C1CF}.Debug|x86.ActiveCfg = Debug|x86
		{9BFF939B-56EA-4209-9754-1663C959C1CF}.Debug|x86.Build.0 = Debug|x86
		{9BFF939B-56EA-4209-9754-1663C959C1CF}.Debug|x86.Deploy.0 = Debug|x86
		{9BFF939B-56EA-4209-9754-1663C959C1CF}.Release|Any CPU.ActiveCfg = Release|Any CPU
		{9BFF939B-56EA-4209-9754-1663C959C1CF}.Release|Any CPU.Build.0 = Release|Any CPU
		{9BFF939B-56EA-4209-9754-1663C959C1CF}.Release|Any CPU.Deploy.0 = Release|Any CPU
		{9BFF939B-56EA-4209-9754-1663C959C1CF}.Release|ARM.ActiveCfg = Release|ARM
		{9BFF939B-56EA-4209-9754-1663C959C1CF}.Release|ARM.Build.0 = Release|ARM
		{9BFF939B-56EA-4209-9754-1663C959C1CF}.Release|ARM.Deploy.0 = Release|ARM
		{9BFF939B-56EA-4209-9754-1663C959C1CF}.Release|iPhone.ActiveCfg = Release|Any CPU
		{9BFF939B-56EA-4209-9754-1663C959C1CF}.Release|iPhone.Build.0 = Release|Any CPU
		{9BFF939B-56EA-4209-9754-1663C959C1CF}.Release|iPhone.Deploy.0 = Release|Any CPU
		{9BFF939B-56EA-4209-9754-1663C959C1CF}.Release|iPhoneSimulator.ActiveCfg = Release|Any CPU
		{9BFF939B-56EA-4209-9754-1663C959C1CF}.Release|iPhoneSimulator.Build.0 = Release|Any CPU
		{9BFF939B-56EA-4209-9754-1663C959C1CF}.Release|iPhoneSimulator.Deploy.0 = Release|Any CPU
		{9BFF939B-56EA-4209-9754-1663C959C1CF}.Release|x64.ActiveCfg = Release|Any CPU
		{9BFF939B-56EA-4209-9754-1663C959C1CF}.Release|x64.Build.0 = Release|Any CPU
		{9BFF939B-56EA-4209-9754-1663C959C1CF}.Release|x64.Deploy.0 = Release|Any CPU
		{9BFF939B-56EA-4209-9754-1663C959C1CF}.Release|x86.ActiveCfg = Release|x86
		{9BFF939B-56EA-4209-9754-1663C959C1CF}.Release|x86.Build.0 = Release|x86
		{9BFF939B-56EA-4209-9754-1663C959C1CF}.Release|x86.Deploy.0 = Release|x86
		{A8980B66-33A2-43BF-B7B1-C67B830E26BE}.Ad-Hoc|Any CPU.ActiveCfg = Release|Any CPU
		{A8980B66-33A2-43BF-B7B1-C67B830E26BE}.Ad-Hoc|Any CPU.Build.0 = Release|Any CPU
		{A8980B66-33A2-43BF-B7B1-C67B830E26BE}.Ad-Hoc|Any CPU.Deploy.0 = Release|Any CPU
		{A8980B66-33A2-43BF-B7B1-C67B830E26BE}.Ad-Hoc|ARM.ActiveCfg = Release|ARM
		{A8980B66-33A2-43BF-B7B1-C67B830E26BE}.Ad-Hoc|ARM.Build.0 = Release|ARM
		{A8980B66-33A2-43BF-B7B1-C67B830E26BE}.Ad-Hoc|ARM.Deploy.0 = Release|ARM
		{A8980B66-33A2-43BF-B7B1-C67B830E26BE}.Ad-Hoc|iPhone.ActiveCfg = Release|Any CPU
		{A8980B66-33A2-43BF-B7B1-C67B830E26BE}.Ad-Hoc|iPhone.Build.0 = Release|Any CPU
		{A8980B66-33A2-43BF-B7B1-C67B830E26BE}.Ad-Hoc|iPhone.Deploy.0 = Release|Any CPU
		{A8980B66-33A2-43BF-B7B1-C67B830E26BE}.Ad-Hoc|iPhoneSimulator.ActiveCfg = Release|Any CPU
		{A8980B66-33A2-43BF-B7B1-C67B830E26BE}.Ad-Hoc|iPhoneSimulator.Build.0 = Release|Any CPU
		{A8980B66-33A2-43BF-B7B1-C67B830E26BE}.Ad-Hoc|iPhoneSimulator.Deploy.0 = Release|Any CPU
		{A8980B66-33A2-43BF-B7B1-C67B830E26BE}.Ad-Hoc|x64.ActiveCfg = Release|x64
		{A8980B66-33A2-43BF-B7B1-C67B830E26BE}.Ad-Hoc|x64.Build.0 = Release|x64
		{A8980B66-33A2-43BF-B7B1-C67B830E26BE}.Ad-Hoc|x64.Deploy.0 = Release|x64
		{A8980B66-33A2-43BF-B7B1-C67B830E26BE}.Ad-Hoc|x86.ActiveCfg = Release|x86
		{A8980B66-33A2-43BF-B7B1-C67B830E26BE}.Ad-Hoc|x86.Build.0 = Release|x86
		{A8980B66-33A2-43BF-B7B1-C67B830E26BE}.Ad-Hoc|x86.Deploy.0 = Release|x86
		{A8980B66-33A2-43BF-B7B1-C67B830E26BE}.AppStore|Any CPU.ActiveCfg = Release|Any CPU
		{A8980B66-33A2-43BF-B7B1-C67B830E26BE}.AppStore|Any CPU.Build.0 = Release|Any CPU
		{A8980B66-33A2-43BF-B7B1-C67B830E26BE}.AppStore|Any CPU.Deploy.0 = Release|Any CPU
		{A8980B66-33A2-43BF-B7B1-C67B830E26BE}.AppStore|ARM.ActiveCfg = Release|ARM
		{A8980B66-33A2-43BF-B7B1-C67B830E26BE}.AppStore|ARM.Build.0 = Release|ARM
		{A8980B66-33A2-43BF-B7B1-C67B830E26BE}.AppStore|ARM.Deploy.0 = Release|ARM
		{A8980B66-33A2-43BF-B7B1-C67B830E26BE}.AppStore|iPhone.ActiveCfg = Release|Any CPU
		{A8980B66-33A2-43BF-B7B1-C67B830E26BE}.AppStore|iPhone.Build.0 = Release|Any CPU
		{A8980B66-33A2-43BF-B7B1-C67B830E26BE}.AppStore|iPhone.Deploy.0 = Release|Any CPU
		{A8980B66-33A2-43BF-B7B1-C67B830E26BE}.AppStore|iPhoneSimulator.ActiveCfg = Release|Any CPU
		{A8980B66-33A2-43BF-B7B1-C67B830E26BE}.AppStore|iPhoneSimulator.Build.0 = Release|Any CPU
		{A8980B66-33A2-43BF-B7B1-C67B830E26BE}.AppStore|iPhoneSimulator.Deploy.0 = Release|Any CPU
		{A8980B66-33A2-43BF-B7B1-C67B830E26BE}.AppStore|x64.ActiveCfg = Release|x64
		{A8980B66-33A2-43BF-B7B1-C67B830E26BE}.AppStore|x64.Build.0 = Release|x64
		{A8980B66-33A2-43BF-B7B1-C67B830E26BE}.AppStore|x64.Deploy.0 = Release|x64
		{A8980B66-33A2-43BF-B7B1-C67B830E26BE}.AppStore|x86.ActiveCfg = Release|x86
		{A8980B66-33A2-43BF-B7B1-C67B830E26BE}.AppStore|x86.Build.0 = Release|x86
		{A8980B66-33A2-43BF-B7B1-C67B830E26BE}.AppStore|x86.Deploy.0 = Release|x86
		{A8980B66-33A2-43BF-B7B1-C67B830E26BE}.Debug|Any CPU.ActiveCfg = Debug|Any CPU
		{A8980B66-33A2-43BF-B7B1-C67B830E26BE}.Debug|Any CPU.Build.0 = Debug|Any CPU
		{A8980B66-33A2-43BF-B7B1-C67B830E26BE}.Debug|Any CPU.Deploy.0 = Debug|Any CPU
		{A8980B66-33A2-43BF-B7B1-C67B830E26BE}.Debug|ARM.ActiveCfg = Debug|ARM
		{A8980B66-33A2-43BF-B7B1-C67B830E26BE}.Debug|ARM.Build.0 = Debug|ARM
		{A8980B66-33A2-43BF-B7B1-C67B830E26BE}.Debug|ARM.Deploy.0 = Debug|ARM
		{A8980B66-33A2-43BF-B7B1-C67B830E26BE}.Debug|iPhone.ActiveCfg = Debug|Any CPU
		{A8980B66-33A2-43BF-B7B1-C67B830E26BE}.Debug|iPhone.Build.0 = Debug|Any CPU
		{A8980B66-33A2-43BF-B7B1-C67B830E26BE}.Debug|iPhone.Deploy.0 = Debug|Any CPU
		{A8980B66-33A2-43BF-B7B1-C67B830E26BE}.Debug|iPhoneSimulator.ActiveCfg = Debug|Any CPU
		{A8980B66-33A2-43BF-B7B1-C67B830E26BE}.Debug|iPhoneSimulator.Build.0 = Debug|Any CPU
		{A8980B66-33A2-43BF-B7B1-C67B830E26BE}.Debug|iPhoneSimulator.Deploy.0 = Debug|Any CPU
		{A8980B66-33A2-43BF-B7B1-C67B830E26BE}.Debug|x64.ActiveCfg = Debug|x64
		{A8980B66-33A2-43BF-B7B1-C67B830E26BE}.Debug|x64.Build.0 = Debug|x64
		{A8980B66-33A2-43BF-B7B1-C67B830E26BE}.Debug|x64.Deploy.0 = Debug|x64
		{A8980B66-33A2-43BF-B7B1-C67B830E26BE}.Debug|x86.ActiveCfg = Debug|x86
		{A8980B66-33A2-43BF-B7B1-C67B830E26BE}.Debug|x86.Build.0 = Debug|x86
		{A8980B66-33A2-43BF-B7B1-C67B830E26BE}.Debug|x86.Deploy.0 = Debug|x86
		{A8980B66-33A2-43BF-B7B1-C67B830E26BE}.Release|Any CPU.ActiveCfg = Release|Any CPU
		{A8980B66-33A2-43BF-B7B1-C67B830E26BE}.Release|Any CPU.Build.0 = Release|Any CPU
		{A8980B66-33A2-43BF-B7B1-C67B830E26BE}.Release|Any CPU.Deploy.0 = Release|Any CPU
		{A8980B66-33A2-43BF-B7B1-C67B830E26BE}.Release|ARM.ActiveCfg = Release|ARM
		{A8980B66-33A2-43BF-B7B1-C67B830E26BE}.Release|ARM.Build.0 = Release|ARM
		{A8980B66-33A2-43BF-B7B1-C67B830E26BE}.Release|ARM.Deploy.0 = Release|ARM
		{A8980B66-33A2-43BF-B7B1-C67B830E26BE}.Release|iPhone.ActiveCfg = Release|Any CPU
		{A8980B66-33A2-43BF-B7B1-C67B830E26BE}.Release|iPhone.Build.0 = Release|Any CPU
		{A8980B66-33A2-43BF-B7B1-C67B830E26BE}.Release|iPhone.Deploy.0 = Release|Any CPU
		{A8980B66-33A2-43BF-B7B1-C67B830E26BE}.Release|iPhoneSimulator.ActiveCfg = Release|Any CPU
		{A8980B66-33A2-43BF-B7B1-C67B830E26BE}.Release|iPhoneSimulator.Build.0 = Release|Any CPU
		{A8980B66-33A2-43BF-B7B1-C67B830E26BE}.Release|iPhoneSimulator.Deploy.0 = Release|Any CPU
		{A8980B66-33A2-43BF-B7B1-C67B830E26BE}.Release|x64.ActiveCfg = Release|x64
		{A8980B66-33A2-43BF-B7B1-C67B830E26BE}.Release|x64.Build.0 = Release|x64
		{A8980B66-33A2-43BF-B7B1-C67B830E26BE}.Release|x64.Deploy.0 = Release|x64
		{A8980B66-33A2-43BF-B7B1-C67B830E26BE}.Release|x86.ActiveCfg = Release|x86
		{A8980B66-33A2-43BF-B7B1-C67B830E26BE}.Release|x86.Build.0 = Release|x86
		{A8980B66-33A2-43BF-B7B1-C67B830E26BE}.Release|x86.Deploy.0 = Release|x86
	EndGlobalSection
	GlobalSection(SolutionProperties) = preSolution
		HideSolutionNode = FALSE
	EndGlobalSection
EndGlobal
